
Microsoft Visual Studio Solution File, Format Version 12.00
# Visual Studio Version 16
VisualStudioVersion = 16.0.34729.46
MinimumVisualStudioVersion = 10.0.40219.1
Project("{2150E333-8FDC-42A3-9474-1A3956D46DE8}") = "Task0", "Task0", "{8C3508F5-7DF0-4E4E-BE19-E9B8ABD5B67B}"
EndProject
Project("{FAE04EC0-301F-11D3-BF4B-00C04F79EFBC}") = "Tyuiu.NedospasovaAE.Sprint3.Task0.V18.Lib", "Tyuiu.NedospasovaAE.Sprint3.Task0.V18.Lib\Tyuiu.NedospasovaAE.Sprint3.Task0.V18.Lib.csproj", "{CC307B54-454A-42BF-8BE3-524AD1C5C009}"
EndProject
Project("{FAE04EC0-301F-11D3-BF4B-00C04F79EFBC}") = "Tyuiu.NedospasovaAE.Sprint3.Task0.V18.Test", "Tyuiu.NedospasovaAE.Sprint3.Task0.V18.Test\Tyuiu.NedospasovaAE.Sprint3.Task0.V18.Test.csproj", "{44056B51-BA73-426D-8231-186CFECD3FDA}"
EndProject
Project("{FAE04EC0-301F-11D3-BF4B-00C04F79EFBC}") = "Tyuiu.NedospasovaAE.Sprint3.Task0.V18", "Tyuiu.NedospasovaAE.Sprint3.Task0.V18\Tyuiu.NedospasovaAE.Sprint3.Task0.V18.csproj", "{905815B9-1484-488D-AE42-41252F7F92C5}"
EndProject
Project("{2150E333-8FDC-42A3-9474-1A3956D46DE8}") = "Task1", "Task1", "{3C14E755-81D5-4DE8-9AD0-BACF25196BB7}"
EndProject
Project("{FAE04EC0-301F-11D3-BF4B-00C04F79EFBC}") = "Tyuiu.NedospasovaAE.Sprint3.Task1.V30", "Tyuiu.NedospasovaAE.Sprint3.Task1.V30\Tyuiu.NedospasovaAE.Sprint3.Task1.V30.csproj", "{524C3061-6A5E-4E0B-B295-B8D96AA1FD60}"
EndProject
Project("{FAE04EC0-301F-11D3-BF4B-00C04F79EFBC}") = "Tyuiu.NedospasovaAE.Sprint3.Task1.V30.Test", "Tyuiu.NedospasovaAE.Sprint3.Task1.V30.Test\Tyuiu.NedospasovaAE.Sprint3.Task1.V30.Test.csproj", "{BFAE9B2D-03CC-4DBE-BF4F-4939FF835006}"
EndProject
Project("{FAE04EC0-301F-11D3-BF4B-00C04F79EFBC}") = "Tyuiu.NedospasovaAE.Sprint3.Task1.V30.Lib", "Tyuiu.NedospasovaAE.Sprint3.Task1.V30.Lib\Tyuiu.NedospasovaAE.Sprint3.Task1.V30.Lib.csproj", "{ACCD7E95-8DFA-409A-8613-A888F5526095}"
EndProject
Project("{2150E333-8FDC-42A3-9474-1A3956D46DE8}") = "Task2", "Task2", "{D0443C16-2D0F-4A36-BE50-4E833F9B9831}"
EndProject
Project("{FAE04EC0-301F-11D3-BF4B-00C04F79EFBC}") = "Tyuiu.NedospasovaAE.Sprint3.Task2.V7.Lib", "Tyuiu.NedospasovaAE.Sprint3.Task2.V7.Lib\Tyuiu.NedospasovaAE.Sprint3.Task2.V7.Lib.csproj", "{86C62C1B-04DA-48D4-AA3D-AF6793961275}"
EndProject
Project("{FAE04EC0-301F-11D3-BF4B-00C04F79EFBC}") = "Tyuiu.NedospasovaAE.Sprint3.Task2.V7.Test", "Tyuiu.NedospasovaAE.Sprint3.Task2.V7.Test\Tyuiu.NedospasovaAE.Sprint3.Task2.V7.Test.csproj", "{6C239EAA-A2EA-489F-B234-E75ECA2E216C}"
EndProject
Project("{FAE04EC0-301F-11D3-BF4B-00C04F79EFBC}") = "Tyuiu.NedospasovaAE.Sprint3.Task2.V7", "Tyuiu.NedospasovaAE.Sprint3.Task2.V7\Tyuiu.NedospasovaAE.Sprint3.Task2.V7.csproj", "{46A14AD1-D33F-40B6-98E8-8E269D348CEB}"
EndProject
Project("{2150E333-8FDC-42A3-9474-1A3956D46DE8}") = "Task3", "Task3", "{28DA8CC6-629B-4E11-A149-9FF0518E10E9}"
EndProject
Project("{FAE04EC0-301F-11D3-BF4B-00C04F79EFBC}") = "Tyuiu.NedospasovaAE.Sprint3.Task3.V11", "Tyuiu.NedospasovaAE.Sprint3.Task3.V11\Tyuiu.NedospasovaAE.Sprint3.Task3.V11.csproj", "{1ADCAC0F-4C81-44D5-9FBA-B910F71C6B24}"
EndProject
Project("{FAE04EC0-301F-11D3-BF4B-00C04F79EFBC}") = "Tyuiu.NedospasovaAE.Sprint3.Task3.V11.Test", "Tyuiu.NedospasovaAE.Sprint3.Task3.V11.Test\Tyuiu.NedospasovaAE.Sprint3.Task3.V11.Test.csproj", "{D2E53C0E-8942-4E83-930C-1144D5BAD85A}"
EndProject
Project("{FAE04EC0-301F-11D3-BF4B-00C04F79EFBC}") = "Tyuiu.NedospasovaAE.Sprint3.Task3.V11.Lib", "Tyuiu.NedospasovaAE.Sprint3.Task3.V11.Lib\Tyuiu.NedospasovaAE.Sprint3.Task3.V11.Lib.csproj", "{93F20026-9D16-4EE0-AC20-61C4DAF80F4C}"
EndProject
Project("{2150E333-8FDC-42A3-9474-1A3956D46DE8}") = "Task4", "Task4", "{04555FD7-A28D-4CD4-A266-FBBEC5134972}"
EndProject
Project("{FAE04EC0-301F-11D3-BF4B-00C04F79EFBC}") = "Tyuiu.NedospasovaAE.Sprint3.Task4.V29.Lib", "Tyuiu.NedospasovaAE.Sprint3.Task4.V29.Lib\Tyuiu.NedospasovaAE.Sprint3.Task4.V29.Lib.csproj", "{EDC0CB66-37A9-4EC0-BFC3-206DDE425289}"
EndProject
Project("{FAE04EC0-301F-11D3-BF4B-00C04F79EFBC}") = "Tyuiu.NedospasovaAE.Sprint3.Task4.V29.Test", "Tyuiu.NedospasovaAE.Sprint3.Task4.V29.Test\Tyuiu.NedospasovaAE.Sprint3.Task4.V29.Test.csproj", "{1456A41A-8670-486B-B76E-15DFE6CCC949}"
EndProject
Project("{FAE04EC0-301F-11D3-BF4B-00C04F79EFBC}") = "Tyuiu.NedospasovaAE.Sprint3.Task4.V29", "Tyuiu.NedospasovaAE.Sprint3.Task4.V29\Tyuiu.NedospasovaAE.Sprint3.Task4.V29.csproj", "{AC9A305C-7242-4AD1-810E-605078FB2125}"
EndProject
Global
	GlobalSection(SolutionConfigurationPlatforms) = preSolution
		Debug|Any CPU = Debug|Any CPU
		Release|Any CPU = Release|Any CPU
	EndGlobalSection
	GlobalSection(ProjectConfigurationPlatforms) = postSolution
		{CC307B54-454A-42BF-8BE3-524AD1C5C009}.Debug|Any CPU.ActiveCfg = Debug|Any CPU
		{CC307B54-454A-42BF-8BE3-524AD1C5C009}.Debug|Any CPU.Build.0 = Debug|Any CPU
		{CC307B54-454A-42BF-8BE3-524AD1C5C009}.Release|Any CPU.ActiveCfg = Release|Any CPU
		{CC307B54-454A-42BF-8BE3-524AD1C5C009}.Release|Any CPU.Build.0 = Release|Any CPU
		{44056B51-BA73-426D-8231-186CFECD3FDA}.Debug|Any CPU.ActiveCfg = Debug|Any CPU
		{44056B51-BA73-426D-8231-186CFECD3FDA}.Debug|Any CPU.Build.0 = Debug|Any CPU
		{44056B51-BA73-426D-8231-186CFECD3FDA}.Release|Any CPU.ActiveCfg = Release|Any CPU
		{44056B51-BA73-426D-8231-186CFECD3FDA}.Release|Any CPU.Build.0 = Release|Any CPU
		{905815B9-1484-488D-AE42-41252F7F92C5}.Debug|Any CPU.ActiveCfg = Debug|Any CPU
		{905815B9-1484-488D-AE42-41252F7F92C5}.Debug|Any CPU.Build.0 = Debug|Any CPU
		{905815B9-1484-488D-AE42-41252F7F92C5}.Release|Any CPU.ActiveCfg = Release|Any CPU
		{905815B9-1484-488D-AE42-41252F7F92C5}.Release|Any CPU.Build.0 = Release|Any CPU
		{524C3061-6A5E-4E0B-B295-B8D96AA1FD60}.Debug|Any CPU.ActiveCfg = Debug|Any CPU
		{524C3061-6A5E-4E0B-B295-B8D96AA1FD60}.Debug|Any CPU.Build.0 = Debug|Any CPU
		{524C3061-6A5E-4E0B-B295-B8D96AA1FD60}.Release|Any CPU.ActiveCfg = Release|Any CPU
		{524C3061-6A5E-4E0B-B295-B8D96AA1FD60}.Release|Any CPU.Build.0 = Release|Any CPU
		{BFAE9B2D-03CC-4DBE-BF4F-4939FF835006}.Debug|Any CPU.ActiveCfg = Debug|Any CPU
		{BFAE9B2D-03CC-4DBE-BF4F-4939FF835006}.Debug|Any CPU.Build.0 = Debug|Any CPU
		{BFAE9B2D-03CC-4DBE-BF4F-4939FF835006}.Release|Any CPU.ActiveCfg = Release|Any CPU
		{BFAE9B2D-03CC-4DBE-BF4F-4939FF835006}.Release|Any CPU.Build.0 = Release|Any CPU
		{ACCD7E95-8DFA-409A-8613-A888F5526095}.Debug|Any CPU.ActiveCfg = Debug|Any CPU
		{ACCD7E95-8DFA-409A-8613-A888F5526095}.Debug|Any CPU.Build.0 = Debug|Any CPU
		{ACCD7E95-8DFA-409A-8613-A888F5526095}.Release|Any CPU.ActiveCfg = Release|Any CPU
		{ACCD7E95-8DFA-409A-8613-A888F5526095}.Release|Any CPU.Build.0 = Release|Any CPU
		{86C62C1B-04DA-48D4-AA3D-AF6793961275}.Debug|Any CPU.ActiveCfg = Debug|Any CPU
		{86C62C1B-04DA-48D4-AA3D-AF6793961275}.Debug|Any CPU.Build.0 = Debug|Any CPU
		{86C62C1B-04DA-48D4-AA3D-AF6793961275}.Release|Any CPU.ActiveCfg = Release|Any CPU
		{86C62C1B-04DA-48D4-AA3D-AF6793961275}.Release|Any CPU.Build.0 = Release|Any CPU
		{6C239EAA-A2EA-489F-B234-E75ECA2E216C}.Debug|Any CPU.ActiveCfg = Debug|Any CPU
		{6C239EAA-A2EA-489F-B234-E75ECA2E216C}.Debug|Any CPU.Build.0 = Debug|Any CPU
		{6C239EAA-A2EA-489F-B234-E75ECA2E216C}.Release|Any CPU.ActiveCfg = Release|Any CPU
		{6C239EAA-A2EA-489F-B234-E75ECA2E216C}.Release|Any CPU.Build.0 = Release|Any CPU
		{46A14AD1-D33F-40B6-98E8-8E269D348CEB}.Debug|Any CPU.ActiveCfg = Debug|Any CPU
		{46A14AD1-D33F-40B6-98E8-8E269D348CEB}.Debug|Any CPU.Build.0 = Debug|Any CPU
		{46A14AD1-D33F-40B6-98E8-8E269D348CEB}.Release|Any CPU.ActiveCfg = Release|Any CPU
		{46A14AD1-D33F-40B6-98E8-8E269D348CEB}.Release|Any CPU.Build.0 = Release|Any CPU
		{1ADCAC0F-4C81-44D5-9FBA-B910F71C6B24}.Debug|Any CPU.ActiveCfg = Debug|Any CPU
		{1ADCAC0F-4C81-44D5-9FBA-B910F71C6B24}.Debug|Any CPU.Build.0 = Debug|Any CPU
		{1ADCAC0F-4C81-44D5-9FBA-B910F71C6B24}.Release|Any CPU.ActiveCfg = Release|Any CPU
		{1ADCAC0F-4C81-44D5-9FBA-B910F71C6B24}.Release|Any CPU.Build.0 = Release|Any CPU
		{D2E53C0E-8942-4E83-930C-1144D5BAD85A}.Debug|Any CPU.ActiveCfg = Debug|Any CPU
		{D2E53C0E-8942-4E83-930C-1144D5BAD85A}.Debug|Any CPU.Build.0 = Debug|Any CPU
		{D2E53C0E-8942-4E83-930C-1144D5BAD85A}.Release|Any CPU.ActiveCfg = Release|Any CPU
		{D2E53C0E-8942-4E83-930C-1144D5BAD85A}.Release|Any CPU.Build.0 = Release|Any CPU
		{93F20026-9D16-4EE0-AC20-61C4DAF80F4C}.Debug|Any CPU.ActiveCfg = Debug|Any CPU
		{93F20026-9D16-4EE0-AC20-61C4DAF80F4C}.Debug|Any CPU.Build.0 = Debug|Any CPU
		{93F20026-9D16-4EE0-AC20-61C4DAF80F4C}.Release|Any CPU.ActiveCfg = Release|Any CPU
		{93F20026-9D16-4EE0-AC20-61C4DAF80F4C}.Release|Any CPU.Build.0 = Release|Any CPU
		{EDC0CB66-37A9-4EC0-BFC3-206DDE425289}.Debug|Any CPU.ActiveCfg = Debug|Any CPU
		{EDC0CB66-37A9-4EC0-BFC3-206DDE425289}.Debug|Any CPU.Build.0 = Debug|Any CPU
		{EDC0CB66-37A9-4EC0-BFC3-206DDE425289}.Release|Any CPU.ActiveCfg = Release|Any CPU
		{EDC0CB66-37A9-4EC0-BFC3-206DDE425289}.Release|Any CPU.Build.0 = Release|Any CPU
		{1456A41A-8670-486B-B76E-15DFE6CCC949}.Debug|Any CPU.ActiveCfg = Debug|Any CPU
		{1456A41A-8670-486B-B76E-15DFE6CCC949}.Debug|Any CPU.Build.0 = Debug|Any CPU
		{1456A41A-8670-486B-B76E-15DFE6CCC949}.Release|Any CPU.ActiveCfg = Release|Any CPU
		{1456A41A-8670-486B-B76E-15DFE6CCC949}.Release|Any CPU.Build.0 = Release|Any CPU
		{AC9A305C-7242-4AD1-810E-605078FB2125}.Debug|Any CPU.ActiveCfg = Debug|Any CPU
		{AC9A305C-7242-4AD1-810E-605078FB2125}.Debug|Any CPU.Build.0 = Debug|Any CPU
		{AC9A305C-7242-4AD1-810E-605078FB2125}.Release|Any CPU.ActiveCfg = Release|Any CPU
		{AC9A305C-7242-4AD1-810E-605078FB2125}.Release|Any CPU.Build.0 = Release|Any CPU
	EndGlobalSection
	GlobalSection(SolutionProperties) = preSolution
		HideSolutionNode = FALSE
	EndGlobalSection
	GlobalSection(NestedProjects) = preSolution
		{CC307B54-454A-42BF-8BE3-524AD1C5C009} = {8C3508F5-7DF0-4E4E-BE19-E9B8ABD5B67B}
		{44056B51-BA73-426D-8231-186CFECD3FDA} = {8C3508F5-7DF0-4E4E-BE19-E9B8ABD5B67B}
		{905815B9-1484-488D-AE42-41252F7F92C5} = {8C3508F5-7DF0-4E4E-BE19-E9B8ABD5B67B}
		{524C3061-6A5E-4E0B-B295-B8D96AA1FD60} = {3C14E755-81D5-4DE8-9AD0-BACF25196BB7}
		{BFAE9B2D-03CC-4DBE-BF4F-4939FF835006} = {3C14E755-81D5-4DE8-9AD0-BACF25196BB7}
		{ACCD7E95-8DFA-409A-8613-A888F5526095} = {3C14E755-81D5-4DE8-9AD0-BACF25196BB7}
		{86C62C1B-04DA-48D4-AA3D-AF6793961275} = {D0443C16-2D0F-4A36-BE50-4E833F9B9831}
		{6C239EAA-A2EA-489F-B234-E75ECA2E216C} = {D0443C16-2D0F-4A36-BE50-4E833F9B9831}
		{46A14AD1-D33F-40B6-98E8-8E269D348CEB} = {D0443C16-2D0F-4A36-BE50-4E833F9B9831}
		{1ADCAC0F-4C81-44D5-9FBA-B910F71C6B24} = {28DA8CC6-629B-4E11-A149-9FF0518E10E9}
		{D2E53C0E-8942-4E83-930C-1144D5BAD85A} = {28DA8CC6-629B-4E11-A149-9FF0518E10E9}
		{93F20026-9D16-4EE0-AC20-61C4DAF80F4C} = {28DA8CC6-629B-4E11-A149-9FF0518E10E9}
		{EDC0CB66-37A9-4EC0-BFC3-206DDE425289} = {04555FD7-A28D-4CD4-A266-FBBEC5134972}
		{1456A41A-8670-486B-B76E-15DFE6CCC949} = {04555FD7-A28D-4CD4-A266-FBBEC5134972}
		{AC9A305C-7242-4AD1-810E-605078FB2125} = {04555FD7-A28D-4CD4-A266-FBBEC5134972}
	EndGlobalSection
	GlobalSection(ExtensibilityGlobals) = postSolution
		SolutionGuid = {3495FD78-5CCD-49B3-ACC8-2F79FCDA6CC7}
	EndGlobalSection
EndGlobal
